{
  "name": "in-memory",
  "version": "1.0.0",
  "lockfileVersion": 1,
  "requires": true,
  "dependencies": {
    "@flex-cache/types": {
      "version": "1.0.1",
      "resolved": "https://registry.npmjs.org/@flex-cache/types/-/types-1.0.1.tgz",
      "integrity": "sha512-pNXNI9Fmbz6tOImoTl6fnd1Kpmxu+eNi4TnvpSReHePFSjBd2+k61Gn4gDD8Q8lpMqUrGB0ARvdZAfGtyJJfGA=="
    },
    "typescript": {
      "version": "4.0.3",
      "resolved": "https://registry.npmjs.org/typescript/-/typescript-4.0.3.tgz",
      "integrity": "sha512-tEu6DGxGgRJPb/mVPIZ48e69xCn2yRmCgYmDugAVwmJ6o+0u1RI18eO7E7WBTLYLaEVVOhwQmcdhQHweux/WPg==",
      "dev": true
    }
  }
}
